// !$*UTF8*$!
{
	archiveVersion = 1;
	classes = {
	};
	objectVersion = 50;
	objects = {

/* Begin PBXBuildFile section */
		4A1CFDD250283CDFA7BCA09A /* Pods_FolledoMyCourtTests.framework in Frameworks */ = {isa = PBXBuildFile; fileRef = B56B92F3BD135D294B0F8305 /* Pods_FolledoMyCourtTests.framework */; };
		98B7EA0B563F71BF4D725AF5 /* Pods_FolledoMyCourt.framework in Frameworks */ = {isa = PBXBuildFile; fileRef = 5805FE4B9A211E702C18945C /* Pods_FolledoMyCourt.framework */; };
		BE6443B9A03BA5CEF016FE57 /* Pods_FolledoMyCourtUITests.framework in Frameworks */ = {isa = PBXBuildFile; fileRef = E4D1C4BB92692AAA67DAF136 /* Pods_FolledoMyCourtUITests.framework */; };
		CD02E52D20FA91BA00A6ECC3 /* Service.swift in Sources */ = {isa = PBXBuildFile; fileRef = CD02E52C20FA91BA00A6ECC3 /* Service.swift */; };
		CD037D8920F9A4F40008EB97 /* MainTabBarController.swift in Sources */ = {isa = PBXBuildFile; fileRef = CD037D8820F9A4F40008EB97 /* MainTabBarController.swift */; };
		CD037D8B20F9A5B50008EB97 /* HomeMapViewController.swift in Sources */ = {isa = PBXBuildFile; fileRef = CD037D8A20F9A5B50008EB97 /* HomeMapViewController.swift */; };
		CD037D8D20F9A5FB0008EB97 /* UserProfileTableViewController.swift in Sources */ = {isa = PBXBuildFile; fileRef = CD037D8C20F9A5FB0008EB97 /* UserProfileTableViewController.swift */; };
		CD037D8F20F9A6120008EB97 /* SwipeUsersViewController.swift in Sources */ = {isa = PBXBuildFile; fileRef = CD037D8E20F9A6120008EB97 /* SwipeUsersViewController.swift */; };
		CD037D9120F9A9AA0008EB97 /* CreateGameViewController.swift in Sources */ = {isa = PBXBuildFile; fileRef = CD037D9020F9A9AA0008EB97 /* CreateGameViewController.swift */; };
		CD037D9320F9AC480008EB97 /* EventsViewController.swift in Sources */ = {isa = PBXBuildFile; fileRef = CD037D9220F9AC480008EB97 /* EventsViewController.swift */; };
		CD0454282146BFCD00C9E83D /* ChatLogController.swift in Sources */ = {isa = PBXBuildFile; fileRef = CD0454272146BFCD00C9E83D /* ChatLogController.swift */; };
		CD04542A21474AB000C9E83D /* ChatMessage.swift in Sources */ = {isa = PBXBuildFile; fileRef = CD04542921474AB000C9E83D /* ChatMessage.swift */; };
		CD04B19520FEA3B200FB8161 /* LoginViewController.swift in Sources */ = {isa = PBXBuildFile; fileRef = CD04B19420FEA3B200FB8161 /* LoginViewController.swift */; };
		CD055F13210E937800936FAF /* ViewSnapViewController.swift in Sources */ = {isa = PBXBuildFile; fileRef = CD055F12210E937800936FAF /* ViewSnapViewController.swift */; };
		CD06A90D210C23090086954A /* SelectRecipientTableViewController.swift in Sources */ = {isa = PBXBuildFile; fileRef = CD06A90C210C23090086954A /* SelectRecipientTableViewController.swift */; };
		CD06FC7620F965D80033CB6F /* AppDelegate.swift in Sources */ = {isa = PBXBuildFile; fileRef = CD06FC7520F965D80033CB6F /* AppDelegate.swift */; };
		CD06FC7D20F965DA0033CB6F /* Assets.xcassets in Resources */ = {isa = PBXBuildFile; fileRef = CD06FC7C20F965DA0033CB6F /* Assets.xcassets */; };
		CD06FC8020F965DA0033CB6F /* LaunchScreen.storyboard in Resources */ = {isa = PBXBuildFile; fileRef = CD06FC7E20F965DA0033CB6F /* LaunchScreen.storyboard */; };
		CD06FC8B20F965DA0033CB6F /* FolledoMyCourtTests.swift in Sources */ = {isa = PBXBuildFile; fileRef = CD06FC8A20F965DA0033CB6F /* FolledoMyCourtTests.swift */; };
		CD06FC9620F965DA0033CB6F /* FolledoMyCourtUITests.swift in Sources */ = {isa = PBXBuildFile; fileRef = CD06FC9520F965DA0033CB6F /* FolledoMyCourtUITests.swift */; };
		CD06FCA620F966000033CB6F /* MapKit.framework in Frameworks */ = {isa = PBXBuildFile; fileRef = CD06FCA520F966000033CB6F /* MapKit.framework */; };
		CD08AD9B2108F10800F008D2 /* SnapsTableViewController.swift in Sources */ = {isa = PBXBuildFile; fileRef = CD08AD9A2108F10800F008D2 /* SnapsTableViewController.swift */; };
		CD08AD9D2108F35200F008D2 /* SelectPictureViewController.swift in Sources */ = {isa = PBXBuildFile; fileRef = CD08AD9C2108F35200F008D2 /* SelectPictureViewController.swift */; };
		CD08FD30213C49680000050C /* Resnet50.mlmodel in Sources */ = {isa = PBXBuildFile; fileRef = CD08FD2F213C49680000050C /* Resnet50.mlmodel */; };
		CD08FD36213CD9AA0000050C /* MessagesController.swift in Sources */ = {isa = PBXBuildFile; fileRef = CD08FD35213CD9AA0000050C /* MessagesController.swift */; };
		CD08FD3C213CF4BF0000050C /* NewMessageController.swift in Sources */ = {isa = PBXBuildFile; fileRef = CD08FD3B213CF4BF0000050C /* NewMessageController.swift */; };
		CD08FD40213DC1460000050C /* MyCourtUser.swift in Sources */ = {isa = PBXBuildFile; fileRef = CD08FD3F213DC1460000050C /* MyCourtUser.swift */; };
		CD08FD42213E3DFA0000050C /* UserProfileTableViewCell.swift in Sources */ = {isa = PBXBuildFile; fileRef = CD08FD41213E3DF90000050C /* UserProfileTableViewCell.swift */; };
		CD0A9AB5213F27A3009B62F5 /* LoginController+handlers.swift in Sources */ = {isa = PBXBuildFile; fileRef = CD0A9AB4213F27A3009B62F5 /* LoginController+handlers.swift */; };
		CD3F175321263AFA00939ED8 /* BluetoothViewController.swift in Sources */ = {isa = PBXBuildFile; fileRef = CD3F175221263AFA00939ED8 /* BluetoothViewController.swift */; };
		CD3F175521263E2800939ED8 /* BluetoothTableViewCell.swift in Sources */ = {isa = PBXBuildFile; fileRef = CD3F175421263E2800939ED8 /* BluetoothTableViewCell.swift */; };
		CD979E422138C8DB00033C98 /* LoginController.swift in Sources */ = {isa = PBXBuildFile; fileRef = CD979E412138C8DB00033C98 /* LoginController.swift */; };
		CDA48C00214950DF00C1E527 /* UserCell.swift in Sources */ = {isa = PBXBuildFile; fileRef = CDA48BFF214950DF00C1E527 /* UserCell.swift */; };
		CDB0E79F21042C9200194DD0 /* GoogleService-Info.plist in Resources */ = {isa = PBXBuildFile; fileRef = CDB0E79E21042C9200194DD0 /* GoogleService-Info.plist */; };
		CDE55926212DA06B00314EDD /* Chat.storyboard in Resources */ = {isa = PBXBuildFile; fileRef = CDE55925212DA06B00314EDD /* Chat.storyboard */; };
		CDFEA38E20FE6D5D000824A6 /* Main.storyboard in Resources */ = {isa = PBXBuildFile; fileRef = CDFEA38D20FE6D5D000824A6 /* Main.storyboard */; };
		CDFEA39020FE6D75000824A6 /* HomeMap.storyboard in Resources */ = {isa = PBXBuildFile; fileRef = CDFEA38F20FE6D75000824A6 /* HomeMap.storyboard */; };
		CDFEA39220FE7406000824A6 /* CreateGame.storyboard in Resources */ = {isa = PBXBuildFile; fileRef = CDFEA39120FE7406000824A6 /* CreateGame.storyboard */; };
		CDFEA39420FE741C000824A6 /* SwipeUsers.storyboard in Resources */ = {isa = PBXBuildFile; fileRef = CDFEA39320FE741C000824A6 /* SwipeUsers.storyboard */; };
		CDFEA39620FE7459000824A6 /* Events.storyboard in Resources */ = {isa = PBXBuildFile; fileRef = CDFEA39520FE7459000824A6 /* Events.storyboard */; };
/* End PBXBuildFile section */

/* Begin PBXContainerItemProxy section */
		CD06FC8720F965DA0033CB6F /* PBXContainerItemProxy */ = {
			isa = PBXContainerItemProxy;
			containerPortal = CD06FC6A20F965D80033CB6F /* Project object */;
			proxyType = 1;
			remoteGlobalIDString = CD06FC7120F965D80033CB6F;
			remoteInfo = FolledoMyCourt;
		};
		CD06FC9220F965DA0033CB6F /* PBXContainerItemProxy */ = {
			isa = PBXContainerItemProxy;
			containerPortal = CD06FC6A20F965D80033CB6F /* Project object */;
			proxyType = 1;
			remoteGlobalIDString = CD06FC7120F965D80033CB6F;
			remoteInfo = FolledoMyCourt;
		};
/* End PBXContainerItemProxy section */

/* Begin PBXFileReference section */
		0D0CDD6909E0E8DEDE49F065 /* Pods-FolledoMyCourt.debug.xcconfig */ = {isa = PBXFileReference; includeInIndex = 1; lastKnownFileType = text.xcconfig; name = "Pods-FolledoMyCourt.debug.xcconfig"; path = "Pods/Target Support Files/Pods-FolledoMyCourt/Pods-FolledoMyCourt.debug.xcconfig"; sourceTree = "<group>"; };
		2515FD696902D00A242FE3A6 /* Pods-FolledoMyCourtTests.debug.xcconfig */ = {isa = PBXFileReference; includeInIndex = 1; lastKnownFileType = text.xcconfig; name = "Pods-FolledoMyCourtTests.debug.xcconfig"; path = "Pods/Target Support Files/Pods-FolledoMyCourtTests/Pods-FolledoMyCourtTests.debug.xcconfig"; sourceTree = "<group>"; };
		5805FE4B9A211E702C18945C /* Pods_FolledoMyCourt.framework */ = {isa = PBXFileReference; explicitFileType = wrapper.framework; includeInIndex = 0; path = Pods_FolledoMyCourt.framework; sourceTree = BUILT_PRODUCTS_DIR; };
		7E3D0092BF9E150BE3BF0726 /* Pods-FolledoMyCourtTests.release.xcconfig */ = {isa = PBXFileReference; includeInIndex = 1; lastKnownFileType = text.xcconfig; name = "Pods-FolledoMyCourtTests.release.xcconfig"; path = "Pods/Target Support Files/Pods-FolledoMyCourtTests/Pods-FolledoMyCourtTests.release.xcconfig"; sourceTree = "<group>"; };
		8E5B92B9AFB4866225072873 /* Pods-FolledoMyCourt.release.xcconfig */ = {isa = PBXFileReference; includeInIndex = 1; lastKnownFileType = text.xcconfig; name = "Pods-FolledoMyCourt.release.xcconfig"; path = "Pods/Target Support Files/Pods-FolledoMyCourt/Pods-FolledoMyCourt.release.xcconfig"; sourceTree = "<group>"; };
		B56B92F3BD135D294B0F8305 /* Pods_FolledoMyCourtTests.framework */ = {isa = PBXFileReference; explicitFileType = wrapper.framework; includeInIndex = 0; path = Pods_FolledoMyCourtTests.framework; sourceTree = BUILT_PRODUCTS_DIR; };
		CD02E52C20FA91BA00A6ECC3 /* Service.swift */ = {isa = PBXFileReference; lastKnownFileType = sourcecode.swift; path = Service.swift; sourceTree = "<group>"; };
		CD037D8820F9A4F40008EB97 /* MainTabBarController.swift */ = {isa = PBXFileReference; lastKnownFileType = sourcecode.swift; path = MainTabBarController.swift; sourceTree = "<group>"; };
		CD037D8A20F9A5B50008EB97 /* HomeMapViewController.swift */ = {isa = PBXFileReference; lastKnownFileType = sourcecode.swift; path = HomeMapViewController.swift; sourceTree = "<group>"; };
		CD037D8C20F9A5FB0008EB97 /* UserProfileTableViewController.swift */ = {isa = PBXFileReference; lastKnownFileType = sourcecode.swift; path = UserProfileTableViewController.swift; sourceTree = "<group>"; };
		CD037D8E20F9A6120008EB97 /* SwipeUsersViewController.swift */ = {isa = PBXFileReference; lastKnownFileType = sourcecode.swift; path = SwipeUsersViewController.swift; sourceTree = "<group>"; };
		CD037D9020F9A9AA0008EB97 /* CreateGameViewController.swift */ = {isa = PBXFileReference; lastKnownFileType = sourcecode.swift; path = CreateGameViewController.swift; sourceTree = "<group>"; };
		CD037D9220F9AC480008EB97 /* EventsViewController.swift */ = {isa = PBXFileReference; lastKnownFileType = sourcecode.swift; path = EventsViewController.swift; sourceTree = "<group>"; };
		CD0454272146BFCD00C9E83D /* ChatLogController.swift */ = {isa = PBXFileReference; lastKnownFileType = sourcecode.swift; path = ChatLogController.swift; sourceTree = "<group>"; };
		CD04542921474AB000C9E83D /* ChatMessage.swift */ = {isa = PBXFileReference; lastKnownFileType = sourcecode.swift; path = ChatMessage.swift; sourceTree = "<group>"; };
		CD04B19420FEA3B200FB8161 /* LoginViewController.swift */ = {isa = PBXFileReference; lastKnownFileType = sourcecode.swift; path = LoginViewController.swift; sourceTree = "<group>"; };
		CD055F12210E937800936FAF /* ViewSnapViewController.swift */ = {isa = PBXFileReference; lastKnownFileType = sourcecode.swift; path = ViewSnapViewController.swift; sourceTree = "<group>"; };
		CD06A90C210C23090086954A /* SelectRecipientTableViewController.swift */ = {isa = PBXFileReference; lastKnownFileType = sourcecode.swift; path = SelectRecipientTableViewController.swift; sourceTree = "<group>"; };
		CD06FC7220F965D80033CB6F /* FolledoMyCourt.app */ = {isa = PBXFileReference; explicitFileType = wrapper.application; includeInIndex = 0; path = FolledoMyCourt.app; sourceTree = BUILT_PRODUCTS_DIR; };
		CD06FC7520F965D80033CB6F /* AppDelegate.swift */ = {isa = PBXFileReference; lastKnownFileType = sourcecode.swift; path = AppDelegate.swift; sourceTree = "<group>"; };
		CD06FC7C20F965DA0033CB6F /* Assets.xcassets */ = {isa = PBXFileReference; lastKnownFileType = folder.assetcatalog; path = Assets.xcassets; sourceTree = "<group>"; };
		CD06FC7F20F965DA0033CB6F /* Base */ = {isa = PBXFileReference; lastKnownFileType = file.storyboard; name = Base; path = Base.lproj/LaunchScreen.storyboard; sourceTree = "<group>"; };
		CD06FC8120F965DA0033CB6F /* Info.plist */ = {isa = PBXFileReference; lastKnownFileType = text.plist.xml; path = Info.plist; sourceTree = "<group>"; };
		CD06FC8620F965DA0033CB6F /* FolledoMyCourtTests.xctest */ = {isa = PBXFileReference; explicitFileType = wrapper.cfbundle; includeInIndex = 0; path = FolledoMyCourtTests.xctest; sourceTree = BUILT_PRODUCTS_DIR; };
		CD06FC8A20F965DA0033CB6F /* FolledoMyCourtTests.swift */ = {isa = PBXFileReference; lastKnownFileType = sourcecode.swift; path = FolledoMyCourtTests.swift; sourceTree = "<group>"; };
		CD06FC8C20F965DA0033CB6F /* Info.plist */ = {isa = PBXFileReference; lastKnownFileType = text.plist.xml; path = Info.plist; sourceTree = "<group>"; };
		CD06FC9120F965DA0033CB6F /* FolledoMyCourtUITests.xctest */ = {isa = PBXFileReference; explicitFileType = wrapper.cfbundle; includeInIndex = 0; path = FolledoMyCourtUITests.xctest; sourceTree = BUILT_PRODUCTS_DIR; };
		CD06FC9520F965DA0033CB6F /* FolledoMyCourtUITests.swift */ = {isa = PBXFileReference; lastKnownFileType = sourcecode.swift; path = FolledoMyCourtUITests.swift; sourceTree = "<group>"; };
		CD06FC9720F965DA0033CB6F /* Info.plist */ = {isa = PBXFileReference; lastKnownFileType = text.plist.xml; path = Info.plist; sourceTree = "<group>"; };
		CD06FCA320F965F20033CB6F /* FolledoMyCourt.entitlements */ = {isa = PBXFileReference; lastKnownFileType = text.plist.entitlements; path = FolledoMyCourt.entitlements; sourceTree = "<group>"; };
		CD06FCA520F966000033CB6F /* MapKit.framework */ = {isa = PBXFileReference; lastKnownFileType = wrapper.framework; name = MapKit.framework; path = System/Library/Frameworks/MapKit.framework; sourceTree = SDKROOT; };
		CD08AD9A2108F10800F008D2 /* SnapsTableViewController.swift */ = {isa = PBXFileReference; lastKnownFileType = sourcecode.swift; path = SnapsTableViewController.swift; sourceTree = "<group>"; };
		CD08AD9C2108F35200F008D2 /* SelectPictureViewController.swift */ = {isa = PBXFileReference; lastKnownFileType = sourcecode.swift; path = SelectPictureViewController.swift; sourceTree = "<group>"; };
		CD08FD2F213C49680000050C /* Resnet50.mlmodel */ = {isa = PBXFileReference; lastKnownFileType = file.mlmodel; path = Resnet50.mlmodel; sourceTree = "<group>"; };
		CD08FD35213CD9AA0000050C /* MessagesController.swift */ = {isa = PBXFileReference; lastKnownFileType = sourcecode.swift; path = MessagesController.swift; sourceTree = "<group>"; };
		CD08FD3B213CF4BF0000050C /* NewMessageController.swift */ = {isa = PBXFileReference; lastKnownFileType = sourcecode.swift; path = NewMessageController.swift; sourceTree = "<group>"; };
		CD08FD3F213DC1460000050C /* MyCourtUser.swift */ = {isa = PBXFileReference; lastKnownFileType = sourcecode.swift; path = MyCourtUser.swift; sourceTree = "<group>"; };
		CD08FD41213E3DF90000050C /* UserProfileTableViewCell.swift */ = {isa = PBXFileReference; lastKnownFileType = sourcecode.swift; path = UserProfileTableViewCell.swift; sourceTree = "<group>"; };
		CD0A9AB4213F27A3009B62F5 /* LoginController+handlers.swift */ = {isa = PBXFileReference; lastKnownFileType = sourcecode.swift; path = "LoginController+handlers.swift"; sourceTree = "<group>"; };
		CD3F175221263AFA00939ED8 /* BluetoothViewController.swift */ = {isa = PBXFileReference; lastKnownFileType = sourcecode.swift; path = BluetoothViewController.swift; sourceTree = "<group>"; };
		CD3F175421263E2800939ED8 /* BluetoothTableViewCell.swift */ = {isa = PBXFileReference; lastKnownFileType = sourcecode.swift; path = BluetoothTableViewCell.swift; sourceTree = "<group>"; };
		CD979E412138C8DB00033C98 /* LoginController.swift */ = {isa = PBXFileReference; lastKnownFileType = sourcecode.swift; path = LoginController.swift; sourceTree = "<group>"; };
		CDA48BFF214950DF00C1E527 /* UserCell.swift */ = {isa = PBXFileReference; lastKnownFileType = sourcecode.swift; path = UserCell.swift; sourceTree = "<group>"; };
		CDB0E79E21042C9200194DD0 /* GoogleService-Info.plist */ = {isa = PBXFileReference; fileEncoding = 4; lastKnownFileType = text.plist.xml; path = "GoogleService-Info.plist"; sourceTree = "<group>"; };
		CDE55925212DA06B00314EDD /* Chat.storyboard */ = {isa = PBXFileReference; lastKnownFileType = file.storyboard; path = Chat.storyboard; sourceTree = "<group>"; };
		CDFEA38D20FE6D5D000824A6 /* Main.storyboard */ = {isa = PBXFileReference; lastKnownFileType = file.storyboard; path = Main.storyboard; sourceTree = "<group>"; };
		CDFEA38F20FE6D75000824A6 /* HomeMap.storyboard */ = {isa = PBXFileReference; lastKnownFileType = file.storyboard; path = HomeMap.storyboard; sourceTree = "<group>"; };
		CDFEA39120FE7406000824A6 /* CreateGame.storyboard */ = {isa = PBXFileReference; lastKnownFileType = file.storyboard; path = CreateGame.storyboard; sourceTree = "<group>"; };
		CDFEA39320FE741C000824A6 /* SwipeUsers.storyboard */ = {isa = PBXFileReference; lastKnownFileType = file.storyboard; path = SwipeUsers.storyboard; sourceTree = "<group>"; };
		CDFEA39520FE7459000824A6 /* Events.storyboard */ = {isa = PBXFileReference; lastKnownFileType = file.storyboard; path = Events.storyboard; sourceTree = "<group>"; };
		DA63BFF84DB6B257DBB7733A /* Pods-FolledoMyCourtUITests.release.xcconfig */ = {isa = PBXFileReference; includeInIndex = 1; lastKnownFileType = text.xcconfig; name = "Pods-FolledoMyCourtUITests.release.xcconfig"; path = "Pods/Target Support Files/Pods-FolledoMyCourtUITests/Pods-FolledoMyCourtUITests.release.xcconfig"; sourceTree = "<group>"; };
		E4D1C4BB92692AAA67DAF136 /* Pods_FolledoMyCourtUITests.framework */ = {isa = PBXFileReference; explicitFileType = wrapper.framework; includeInIndex = 0; path = Pods_FolledoMyCourtUITests.framework; sourceTree = BUILT_PRODUCTS_DIR; };
		E63052BC4A495B34BB92E0A2 /* Pods-FolledoMyCourtUITests.debug.xcconfig */ = {isa = PBXFileReference; includeInIndex = 1; lastKnownFileType = text.xcconfig; name = "Pods-FolledoMyCourtUITests.debug.xcconfig"; path = "Pods/Target Support Files/Pods-FolledoMyCourtUITests/Pods-FolledoMyCourtUITests.debug.xcconfig"; sourceTree = "<group>"; };
/* End PBXFileReference section */

/* Begin PBXFrameworksBuildPhase section */
		CD06FC6F20F965D80033CB6F /* Frameworks */ = {
			isa = PBXFrameworksBuildPhase;
			buildActionMask = 2147483647;
			files = (
				CD06FCA620F966000033CB6F /* MapKit.framework in Frameworks */,
				98B7EA0B563F71BF4D725AF5 /* Pods_FolledoMyCourt.framework in Frameworks */,
			);
			runOnlyForDeploymentPostprocessing = 0;
		};
		CD06FC8320F965DA0033CB6F /* Frameworks */ = {
			isa = PBXFrameworksBuildPhase;
			buildActionMask = 2147483647;
			files = (
				4A1CFDD250283CDFA7BCA09A /* Pods_FolledoMyCourtTests.framework in Frameworks */,
			);
			runOnlyForDeploymentPostprocessing = 0;
		};
		CD06FC8E20F965DA0033CB6F /* Frameworks */ = {
			isa = PBXFrameworksBuildPhase;
			buildActionMask = 2147483647;
			files = (
				BE6443B9A03BA5CEF016FE57 /* Pods_FolledoMyCourtUITests.framework in Frameworks */,
			);
			runOnlyForDeploymentPostprocessing = 0;
		};
/* End PBXFrameworksBuildPhase section */

/* Begin PBXGroup section */
		3F244F9F6EF52769DE53DC35 /* Pods */ = {
			isa = PBXGroup;
			children = (
				0D0CDD6909E0E8DEDE49F065 /* Pods-FolledoMyCourt.debug.xcconfig */,
				8E5B92B9AFB4866225072873 /* Pods-FolledoMyCourt.release.xcconfig */,
				2515FD696902D00A242FE3A6 /* Pods-FolledoMyCourtTests.debug.xcconfig */,
				7E3D0092BF9E150BE3BF0726 /* Pods-FolledoMyCourtTests.release.xcconfig */,
				E63052BC4A495B34BB92E0A2 /* Pods-FolledoMyCourtUITests.debug.xcconfig */,
				DA63BFF84DB6B257DBB7733A /* Pods-FolledoMyCourtUITests.release.xcconfig */,
			);
			name = Pods;
			sourceTree = "<group>";
		};
		CD0454262146BF9500C9E83D /* Messages */ = {
			isa = PBXGroup;
			children = (
				CD08FD35213CD9AA0000050C /* MessagesController.swift */,
				CD08FD3B213CF4BF0000050C /* NewMessageController.swift */,
				CD08FD3F213DC1460000050C /* MyCourtUser.swift */,
				CD04542921474AB000C9E83D /* ChatMessage.swift */,
				CD0454272146BFCD00C9E83D /* ChatLogController.swift */,
			);
			path = Messages;
			sourceTree = "<group>";
		};
		CD06FC6920F965D80033CB6F = {
			isa = PBXGroup;
			children = (
				CD06FC7420F965D80033CB6F /* FolledoMyCourt */,
				CD06FC8920F965DA0033CB6F /* FolledoMyCourtTests */,
				CD06FC9420F965DA0033CB6F /* FolledoMyCourtUITests */,
				CD06FC7320F965D80033CB6F /* Products */,
				CD06FCA420F966000033CB6F /* Frameworks */,
				3F244F9F6EF52769DE53DC35 /* Pods */,
			);
			sourceTree = "<group>";
		};
		CD06FC7320F965D80033CB6F /* Products */ = {
			isa = PBXGroup;
			children = (
				CD06FC7220F965D80033CB6F /* FolledoMyCourt.app */,
				CD06FC8620F965DA0033CB6F /* FolledoMyCourtTests.xctest */,
				CD06FC9120F965DA0033CB6F /* FolledoMyCourtUITests.xctest */,
			);
			name = Products;
			sourceTree = "<group>";
		};
		CD06FC7420F965D80033CB6F /* FolledoMyCourt */ = {
			isa = PBXGroup;
			children = (
				CD06FCA320F965F20033CB6F /* FolledoMyCourt.entitlements */,
				CD06FC7520F965D80033CB6F /* AppDelegate.swift */,
				CDE55925212DA06B00314EDD /* Chat.storyboard */,
				CDA48BFE214950BC00C1E527 /* View */,
				CD0454262146BF9500C9E83D /* Messages */,
				CD02E52C20FA91BA00A6ECC3 /* Service.swift */,
				CD08AD962108EDAE00F008D2 /* Main */,
				CD08AD972108EDD400F008D2 /* HomeMap */,
				CD08AD992108EE1D00F008D2 /* CreateGame */,
				CD08AD982108EE0300F008D2 /* SwipeUsers */,
				CDFEA38C20FE6CC3000824A6 /* Events */,
				CD06FC7C20F965DA0033CB6F /* Assets.xcassets */,
				CDB0E79E21042C9200194DD0 /* GoogleService-Info.plist */,
				CD06FC8120F965DA0033CB6F /* Info.plist */,
			);
			path = FolledoMyCourt;
			sourceTree = "<group>";
		};
		CD06FC8920F965DA0033CB6F /* FolledoMyCourtTests */ = {
			isa = PBXGroup;
			children = (
				CD06FC8A20F965DA0033CB6F /* FolledoMyCourtTests.swift */,
				CD06FC8C20F965DA0033CB6F /* Info.plist */,
			);
			path = FolledoMyCourtTests;
			sourceTree = "<group>";
		};
		CD06FC9420F965DA0033CB6F /* FolledoMyCourtUITests */ = {
			isa = PBXGroup;
			children = (
				CD06FC9520F965DA0033CB6F /* FolledoMyCourtUITests.swift */,
				CD06FC9720F965DA0033CB6F /* Info.plist */,
			);
			path = FolledoMyCourtUITests;
			sourceTree = "<group>";
		};
		CD06FCA420F966000033CB6F /* Frameworks */ = {
			isa = PBXGroup;
			children = (
				CD06FCA520F966000033CB6F /* MapKit.framework */,
				5805FE4B9A211E702C18945C /* Pods_FolledoMyCourt.framework */,
				B56B92F3BD135D294B0F8305 /* Pods_FolledoMyCourtTests.framework */,
				E4D1C4BB92692AAA67DAF136 /* Pods_FolledoMyCourtUITests.framework */,
			);
			name = Frameworks;
			sourceTree = "<group>";
		};
		CD084B14212882DD0011DA17 /* Snaps */ = {
			isa = PBXGroup;
			children = (
				CD08AD9C2108F35200F008D2 /* SelectPictureViewController.swift */,
				CD06A90C210C23090086954A /* SelectRecipientTableViewController.swift */,
				CD055F12210E937800936FAF /* ViewSnapViewController.swift */,
				CD08AD9A2108F10800F008D2 /* SnapsTableViewController.swift */,
			);
			path = Snaps;
			sourceTree = "<group>";
		};
		CD08AD962108EDAE00F008D2 /* Main */ = {
			isa = PBXGroup;
			children = (
				CD06FC7E20F965DA0033CB6F /* LaunchScreen.storyboard */,
				CD037D8820F9A4F40008EB97 /* MainTabBarController.swift */,
				CDFEA38D20FE6D5D000824A6 /* Main.storyboard */,
				CD04B19420FEA3B200FB8161 /* LoginViewController.swift */,
				CD979E412138C8DB00033C98 /* LoginController.swift */,
				CD0A9AB4213F27A3009B62F5 /* LoginController+handlers.swift */,
			);
			path = Main;
			sourceTree = "<group>";
		};
		CD08AD972108EDD400F008D2 /* HomeMap */ = {
			isa = PBXGroup;
			children = (
				CD037D8A20F9A5B50008EB97 /* HomeMapViewController.swift */,
				CDFEA38F20FE6D75000824A6 /* HomeMap.storyboard */,
				CD037D8C20F9A5FB0008EB97 /* UserProfileTableViewController.swift */,
				CD08FD41213E3DF90000050C /* UserProfileTableViewCell.swift */,
			);
			path = HomeMap;
			sourceTree = "<group>";
		};
		CD08AD982108EE0300F008D2 /* SwipeUsers */ = {
			isa = PBXGroup;
			children = (
				CD037D8E20F9A6120008EB97 /* SwipeUsersViewController.swift */,
				CDFEA39320FE741C000824A6 /* SwipeUsers.storyboard */,
				CD084B14212882DD0011DA17 /* Snaps */,
			);
			path = SwipeUsers;
			sourceTree = "<group>";
		};
		CD08AD992108EE1D00F008D2 /* CreateGame */ = {
			isa = PBXGroup;
			children = (
				CD037D9020F9A9AA0008EB97 /* CreateGameViewController.swift */,
				CDFEA39120FE7406000824A6 /* CreateGame.storyboard */,
				CD3F175221263AFA00939ED8 /* BluetoothViewController.swift */,
				CD3F175421263E2800939ED8 /* BluetoothTableViewCell.swift */,
			);
			path = CreateGame;
			sourceTree = "<group>";
		};
		CDA48BFE214950BC00C1E527 /* View */ = {
			isa = PBXGroup;
			children = (
				CDA48BFF214950DF00C1E527 /* UserCell.swift */,
			);
			path = View;
			sourceTree = "<group>";
		};
		CDFEA38C20FE6CC3000824A6 /* Events */ = {
			isa = PBXGroup;
			children = (
				CD037D9220F9AC480008EB97 /* EventsViewController.swift */,
				CD08FD2F213C49680000050C /* Resnet50.mlmodel */,
				CDFEA39520FE7459000824A6 /* Events.storyboard */,
			);
			path = Events;
			sourceTree = "<group>";
		};
/* End PBXGroup section */

/* Begin PBXNativeTarget section */
		CD06FC7120F965D80033CB6F /* FolledoMyCourt */ = {
			isa = PBXNativeTarget;
			buildConfigurationList = CD06FC9A20F965DA0033CB6F /* Build configuration list for PBXNativeTarget "FolledoMyCourt" */;
			buildPhases = (
				E337320DFCE2E1FCB4CDD21D /* [CP] Check Pods Manifest.lock */,
				CD06FC6E20F965D80033CB6F /* Sources */,
				CD06FC6F20F965D80033CB6F /* Frameworks */,
				CD06FC7020F965D80033CB6F /* Resources */,
				8D588A9BDA37819EF36B4C0C /* [CP] Embed Pods Frameworks */,
			);
			buildRules = (
			);
			dependencies = (
			);
			name = FolledoMyCourt;
			productName = FolledoMyCourt;
			productReference = CD06FC7220F965D80033CB6F /* FolledoMyCourt.app */;
			productType = "com.apple.product-type.application";
		};
		CD06FC8520F965DA0033CB6F /* FolledoMyCourtTests */ = {
			isa = PBXNativeTarget;
			buildConfigurationList = CD06FC9D20F965DA0033CB6F /* Build configuration list for PBXNativeTarget "FolledoMyCourtTests" */;
			buildPhases = (
				5A3DCA82217D86CD428ED0ED /* [CP] Check Pods Manifest.lock */,
				CD06FC8220F965DA0033CB6F /* Sources */,
				CD06FC8320F965DA0033CB6F /* Frameworks */,
				CD06FC8420F965DA0033CB6F /* Resources */,
			);
			buildRules = (
			);
			dependencies = (
				CD06FC8820F965DA0033CB6F /* PBXTargetDependency */,
			);
			name = FolledoMyCourtTests;
			productName = FolledoMyCourtTests;
			productReference = CD06FC8620F965DA0033CB6F /* FolledoMyCourtTests.xctest */;
			productType = "com.apple.product-type.bundle.unit-test";
		};
		CD06FC9020F965DA0033CB6F /* FolledoMyCourtUITests */ = {
			isa = PBXNativeTarget;
			buildConfigurationList = CD06FCA020F965DA0033CB6F /* Build configuration list for PBXNativeTarget "FolledoMyCourtUITests" */;
			buildPhases = (
				7CDB1F7BE6978BBF25EBF49F /* [CP] Check Pods Manifest.lock */,
				CD06FC8D20F965DA0033CB6F /* Sources */,
				CD06FC8E20F965DA0033CB6F /* Frameworks */,
				CD06FC8F20F965DA0033CB6F /* Resources */,
			);
			buildRules = (
			);
			dependencies = (
				CD06FC9320F965DA0033CB6F /* PBXTargetDependency */,
			);
			name = FolledoMyCourtUITests;
			productName = FolledoMyCourtUITests;
			productReference = CD06FC9120F965DA0033CB6F /* FolledoMyCourtUITests.xctest */;
			productType = "com.apple.product-type.bundle.ui-testing";
		};
/* End PBXNativeTarget section */

/* Begin PBXProject section */
		CD06FC6A20F965D80033CB6F /* Project object */ = {
			isa = PBXProject;
			attributes = {
				LastSwiftUpdateCheck = 0940;
				LastUpgradeCheck = 0940;
				ORGANIZATIONNAME = "Samuel Folledo";
				TargetAttributes = {
					CD06FC7120F965D80033CB6F = {
						CreatedOnToolsVersion = 9.4.1;
						SystemCapabilities = {
							com.apple.BackgroundModes = {
								enabled = 1;
							};
							com.apple.DataProtection = {
								enabled = 0;
							};
							com.apple.InAppPurchase = {
								enabled = 0;
							};
							com.apple.Keychain = {
								enabled = 1;
							};
							com.apple.Maps.iOS = {
								enabled = 1;
							};
							com.apple.Push = {
								enabled = 1;
							};
						};
					};
					CD06FC8520F965DA0033CB6F = {
						CreatedOnToolsVersion = 9.4.1;
						TestTargetID = CD06FC7120F965D80033CB6F;
					};
					CD06FC9020F965DA0033CB6F = {
						CreatedOnToolsVersion = 9.4.1;
						TestTargetID = CD06FC7120F965D80033CB6F;
					};
				};
			};
			buildConfigurationList = CD06FC6D20F965D80033CB6F /* Build configuration list for PBXProject "FolledoMyCourt" */;
			compatibilityVersion = "Xcode 9.3";
			developmentRegion = en;
			hasScannedForEncodings = 0;
			knownRegions = (
				en,
				Base,
			);
			mainGroup = CD06FC6920F965D80033CB6F;
			productRefGroup = CD06FC7320F965D80033CB6F /* Products */;
			projectDirPath = "";
			projectRoot = "";
			targets = (
				CD06FC7120F965D80033CB6F /* FolledoMyCourt */,
				CD06FC8520F965DA0033CB6F /* FolledoMyCourtTests */,
				CD06FC9020F965DA0033CB6F /* FolledoMyCourtUITests */,
			);
		};
/* End PBXProject section */

/* Begin PBXResourcesBuildPhase section */
		CD06FC7020F965D80033CB6F /* Resources */ = {
			isa = PBXResourcesBuildPhase;
			buildActionMask = 2147483647;
			files = (
				CDE55926212DA06B00314EDD /* Chat.storyboard in Resources */,
				CD06FC8020F965DA0033CB6F /* LaunchScreen.storyboard in Resources */,
				CDB0E79F21042C9200194DD0 /* GoogleService-Info.plist in Resources */,
				CDFEA39420FE741C000824A6 /* SwipeUsers.storyboard in Resources */,
				CDFEA39020FE6D75000824A6 /* HomeMap.storyboard in Resources */,
				CD06FC7D20F965DA0033CB6F /* Assets.xcassets in Resources */,
				CDFEA39620FE7459000824A6 /* Events.storyboard in Resources */,
				CDFEA39220FE7406000824A6 /* CreateGame.storyboard in Resources */,
				CDFEA38E20FE6D5D000824A6 /* Main.storyboard in Resources */,
			);
			runOnlyForDeploymentPostprocessing = 0;
		};
		CD06FC8420F965DA0033CB6F /* Resources */ = {
			isa = PBXResourcesBuildPhase;
			buildActionMask = 2147483647;
			files = (
			);
			runOnlyForDeploymentPostprocessing = 0;
		};
		CD06FC8F20F965DA0033CB6F /* Resources */ = {
			isa = PBXResourcesBuildPhase;
			buildActionMask = 2147483647;
			files = (
			);
			runOnlyForDeploymentPostprocessing = 0;
		};
/* End PBXResourcesBuildPhase section */

/* Begin PBXShellScriptBuildPhase section */
		5A3DCA82217D86CD428ED0ED /* [CP] Check Pods Manifest.lock */ = {
			isa = PBXShellScriptBuildPhase;
			buildActionMask = 2147483647;
			files = (
			);
			inputPaths = (
				"${PODS_PODFILE_DIR_PATH}/Podfile.lock",
				"${PODS_ROOT}/Manifest.lock",
			);
			name = "[CP] Check Pods Manifest.lock";
			outputPaths = (
				"$(DERIVED_FILE_DIR)/Pods-FolledoMyCourtTests-checkManifestLockResult.txt",
			);
			runOnlyForDeploymentPostprocessing = 0;
			shellPath = /bin/sh;
			shellScript = "diff \"${PODS_PODFILE_DIR_PATH}/Podfile.lock\" \"${PODS_ROOT}/Manifest.lock\" > /dev/null\nif [ $? != 0 ] ; then\n    # print error to STDERR\n    echo \"error: The sandbox is not in sync with the Podfile.lock. Run 'pod install' or update your CocoaPods installation.\" >&2\n    exit 1\nfi\n# This output is used by Xcode 'outputs' to avoid re-running this script phase.\necho \"SUCCESS\" > \"${SCRIPT_OUTPUT_FILE_0}\"\n";
			showEnvVarsInLog = 0;
		};
		7CDB1F7BE6978BBF25EBF49F /* [CP] Check Pods Manifest.lock */ = {
			isa = PBXShellScriptBuildPhase;
			buildActionMask = 2147483647;
			files = (
			);
			inputPaths = (
				"${PODS_PODFILE_DIR_PATH}/Podfile.lock",
				"${PODS_ROOT}/Manifest.lock",
			);
			name = "[CP] Check Pods Manifest.lock";
			outputPaths = (
				"$(DERIVED_FILE_DIR)/Pods-FolledoMyCourtUITests-checkManifestLockResult.txt",
			);
			runOnlyForDeploymentPostprocessing = 0;
			shellPath = /bin/sh;
			shellScript = "diff \"${PODS_PODFILE_DIR_PATH}/Podfile.lock\" \"${PODS_ROOT}/Manifest.lock\" > /dev/null\nif [ $? != 0 ] ; then\n    # print error to STDERR\n    echo \"error: The sandbox is not in sync with the Podfile.lock. Run 'pod install' or update your CocoaPods installation.\" >&2\n    exit 1\nfi\n# This output is used by Xcode 'outputs' to avoid re-running this script phase.\necho \"SUCCESS\" > \"${SCRIPT_OUTPUT_FILE_0}\"\n";
			showEnvVarsInLog = 0;
		};
		8D588A9BDA37819EF36B4C0C /* [CP] Embed Pods Frameworks */ = {
			isa = PBXShellScriptBuildPhase;
			buildActionMask = 2147483647;
			files = (
			);
			inputPaths = (
				"${SRCROOT}/Pods/Target Support Files/Pods-FolledoMyCourt/Pods-FolledoMyCourt-frameworks.sh",
				"${BUILT_PRODUCTS_DIR}/Bolts/Bolts.framework",
				"${BUILT_PRODUCTS_DIR}/FBSDKCoreKit/FBSDKCoreKit.framework",
				"${BUILT_PRODUCTS_DIR}/FBSDKLoginKit/FBSDKLoginKit.framework",
				"${BUILT_PRODUCTS_DIR}/FBSDKShareKit/FBSDKShareKit.framework",
				"${BUILT_PRODUCTS_DIR}/GTMSessionFetcher/GTMSessionFetcher.framework",
				"${BUILT_PRODUCTS_DIR}/GoogleToolboxForMac/GoogleToolboxForMac.framework",
				"${BUILT_PRODUCTS_DIR}/Protobuf/Protobuf.framework",
				"${BUILT_PRODUCTS_DIR}/SDWebImage/SDWebImage.framework",
				"${BUILT_PRODUCTS_DIR}/SwiftyStoreKit/SwiftyStoreKit.framework",
				"${BUILT_PRODUCTS_DIR}/leveldb-library/leveldb.framework",
				"${BUILT_PRODUCTS_DIR}/nanopb/nanopb.framework",
			);
			name = "[CP] Embed Pods Frameworks";
			outputPaths = (
				"${TARGET_BUILD_DIR}/${FRAMEWORKS_FOLDER_PATH}/Bolts.framework",
				"${TARGET_BUILD_DIR}/${FRAMEWORKS_FOLDER_PATH}/FBSDKCoreKit.framework",
				"${TARGET_BUILD_DIR}/${FRAMEWORKS_FOLDER_PATH}/FBSDKLoginKit.framework",
				"${TARGET_BUILD_DIR}/${FRAMEWORKS_FOLDER_PATH}/FBSDKShareKit.framework",
				"${TARGET_BUILD_DIR}/${FRAMEWORKS_FOLDER_PATH}/GTMSessionFetcher.framework",
				"${TARGET_BUILD_DIR}/${FRAMEWORKS_FOLDER_PATH}/GoogleToolboxForMac.framework",
				"${TARGET_BUILD_DIR}/${FRAMEWORKS_FOLDER_PATH}/Protobuf.framework",
				"${TARGET_BUILD_DIR}/${FRAMEWORKS_FOLDER_PATH}/SDWebImage.framework",
				"${TARGET_BUILD_DIR}/${FRAMEWORKS_FOLDER_PATH}/SwiftyStoreKit.framework",
				"${TARGET_BUILD_DIR}/${FRAMEWORKS_FOLDER_PATH}/leveldb.framework",
				"${TARGET_BUILD_DIR}/${FRAMEWORKS_FOLDER_PATH}/nanopb.framework",
			);
			runOnlyForDeploymentPostprocessing = 0;
			shellPath = /bin/sh;
			shellScript = "\"${SRCROOT}/Pods/Target Support Files/Pods-FolledoMyCourt/Pods-FolledoMyCourt-frameworks.sh\"\n";
			showEnvVarsInLog = 0;
		};
		E337320DFCE2E1FCB4CDD21D /* [CP] Check Pods Manifest.lock */ = {
			isa = PBXShellScriptBuildPhase;
			buildActionMask = 2147483647;
			files = (
			);
			inputPaths = (
				"${PODS_PODFILE_DIR_PATH}/Podfile.lock",
				"${PODS_ROOT}/Manifest.lock",
			);
			name = "[CP] Check Pods Manifest.lock";
			outputPaths = (
				"$(DERIVED_FILE_DIR)/Pods-FolledoMyCourt-checkManifestLockResult.txt",
			);
			runOnlyForDeploymentPostprocessing = 0;
			shellPath = /bin/sh;
			shellScript = "diff \"${PODS_PODFILE_DIR_PATH}/Podfile.lock\" \"${PODS_ROOT}/Manifest.lock\" > /dev/null\nif [ $? != 0 ] ; then\n    # print error to STDERR\n    echo \"error: The sandbox is not in sync with the Podfile.lock. Run 'pod install' or update your CocoaPods installation.\" >&2\n    exit 1\nfi\n# This output is used by Xcode 'outputs' to avoid re-running this script phase.\necho \"SUCCESS\" > \"${SCRIPT_OUTPUT_FILE_0}\"\n";
			showEnvVarsInLog = 0;
		};
/* End PBXShellScriptBuildPhase section */

/* Begin PBXSourcesBuildPhase section */
		CD06FC6E20F965D80033CB6F /* Sources */ = {
			isa = PBXSourcesBuildPhase;
			buildActionMask = 2147483647;
			files = (
				CD055F13210E937800936FAF /* ViewSnapViewController.swift in Sources */,
				CD037D9120F9A9AA0008EB97 /* CreateGameViewController.swift in Sources */,
				CD06A90D210C23090086954A /* SelectRecipientTableViewController.swift in Sources */,
				CD3F175321263AFA00939ED8 /* BluetoothViewController.swift in Sources */,
				CD08FD42213E3DFA0000050C /* UserProfileTableViewCell.swift in Sources */,
				CD037D8B20F9A5B50008EB97 /* HomeMapViewController.swift in Sources */,
				CD037D8D20F9A5FB0008EB97 /* UserProfileTableViewController.swift in Sources */,
				CD08FD40213DC1460000050C /* MyCourtUser.swift in Sources */,
				CD08FD30213C49680000050C /* Resnet50.mlmodel in Sources */,
				CD04542A21474AB000C9E83D /* ChatMessage.swift in Sources */,
				CD3F175521263E2800939ED8 /* BluetoothTableViewCell.swift in Sources */,
				CD06FC7620F965D80033CB6F /* AppDelegate.swift in Sources */,
				CD02E52D20FA91BA00A6ECC3 /* Service.swift in Sources */,
				CDA48C00214950DF00C1E527 /* UserCell.swift in Sources */,
				CD08AD9B2108F10800F008D2 /* SnapsTableViewController.swift in Sources */,
				CD04B19520FEA3B200FB8161 /* LoginViewController.swift in Sources */,
				CD037D9320F9AC480008EB97 /* EventsViewController.swift in Sources */,
				CD0454282146BFCD00C9E83D /* ChatLogController.swift in Sources */,
				CD08AD9D2108F35200F008D2 /* SelectPictureViewController.swift in Sources */,
				CD979E422138C8DB00033C98 /* LoginController.swift in Sources */,
				CD037D8F20F9A6120008EB97 /* SwipeUsersViewController.swift in Sources */,
				CD037D8920F9A4F40008EB97 /* MainTabBarController.swift in Sources */,
				CD08FD3C213CF4BF0000050C /* NewMessageController.swift in Sources */,
				CD08FD36213CD9AA0000050C /* MessagesController.swift in Sources */,
				CD0A9AB5213F27A3009B62F5 /* LoginController+handlers.swift in Sources */,
			);
			runOnlyForDeploymentPostprocessing = 0;
		};
		CD06FC8220F965DA0033CB6F /* Sources */ = {
			isa = PBXSourcesBuildPhase;
			buildActionMask = 2147483647;
			files = (
				CD06FC8B20F965DA0033CB6F /* FolledoMyCourtTests.swift in Sources */,
			);
			runOnlyForDeploymentPostprocessing = 0;
		};
		CD06FC8D20F965DA0033CB6F /* Sources */ = {
			isa = PBXSourcesBuildPhase;
			buildActionMask = 2147483647;
			files = (
				CD06FC9620F965DA0033CB6F /* FolledoMyCourtUITests.swift in Sources */,
			);
			runOnlyForDeploymentPostprocessing = 0;
		};
/* End PBXSourcesBuildPhase section */

/* Begin PBXTargetDependency section */
		CD06FC8820F965DA0033CB6F /* PBXTargetDependency */ = {
			isa = PBXTargetDependency;
			target = CD06FC7120F965D80033CB6F /* FolledoMyCourt */;
			targetProxy = CD06FC8720F965DA0033CB6F /* PBXContainerItemProxy */;
		};
		CD06FC9320F965DA0033CB6F /* PBXTargetDependency */ = {
			isa = PBXTargetDependency;
			target = CD06FC7120F965D80033CB6F /* FolledoMyCourt */;
			targetProxy = CD06FC9220F965DA0033CB6F /* PBXContainerItemProxy */;
		};
/* End PBXTargetDependency section */

/* Begin PBXVariantGroup section */
		CD06FC7E20F965DA0033CB6F /* LaunchScreen.storyboard */ = {
			isa = PBXVariantGroup;
			children = (
				CD06FC7F20F965DA0033CB6F /* Base */,
			);
			name = LaunchScreen.storyboard;
			sourceTree = "<group>";
		};
/* End PBXVariantGroup section */

/* Begin XCBuildConfiguration section */
		CD06FC9820F965DA0033CB6F /* Debug */ = {
			isa = XCBuildConfiguration;
			buildSettings = {
				ALWAYS_SEARCH_USER_PATHS = NO;
				CLANG_ANALYZER_NONNULL = YES;
				CLANG_ANALYZER_NUMBER_OBJECT_CONVERSION = YES_AGGRESSIVE;
				CLANG_CXX_LANGUAGE_STANDARD = "gnu++14";
				CLANG_CXX_LIBRARY = "libc++";
				CLANG_ENABLE_MODULES = YES;
				CLANG_ENABLE_OBJC_ARC = YES;
				CLANG_ENABLE_OBJC_WEAK = YES;
				CLANG_WARN_BLOCK_CAPTURE_AUTORELEASING = YES;
				CLANG_WARN_BOOL_CONVERSION = YES;
				CLANG_WARN_COMMA = YES;
				CLANG_WARN_CONSTANT_CONVERSION = YES;
				CLANG_WARN_DEPRECATED_OBJC_IMPLEMENTATIONS = YES;
				CLANG_WARN_DIRECT_OBJC_ISA_USAGE = YES_ERROR;
				CLANG_WARN_DOCUMENTATION_COMMENTS = YES;
				CLANG_WARN_EMPTY_BODY = YES;
				CLANG_WARN_ENUM_CONVERSION = YES;
				CLANG_WARN_INFINITE_RECURSION = YES;
				CLANG_WARN_INT_CONVERSION = YES;
				CLANG_WARN_NON_LITERAL_NULL_CONVERSION = YES;
				CLANG_WARN_OBJC_IMPLICIT_RETAIN_SELF = YES;
				CLANG_WARN_OBJC_LITERAL_CONVERSION = YES;
				CLANG_WARN_OBJC_ROOT_CLASS = YES_ERROR;
				CLANG_WARN_RANGE_LOOP_ANALYSIS = YES;
				CLANG_WARN_STRICT_PROTOTYPES = YES;
				CLANG_WARN_SUSPICIOUS_MOVE = YES;
				CLANG_WARN_UNGUARDED_AVAILABILITY = YES_AGGRESSIVE;
				CLANG_WARN_UNREACHABLE_CODE = YES;
				CLANG_WARN__DUPLICATE_METHOD_MATCH = YES;
				CODE_SIGN_IDENTITY = "iPhone Developer";
				COPY_PHASE_STRIP = NO;
				DEBUG_INFORMATION_FORMAT = dwarf;
				ENABLE_STRICT_OBJC_MSGSEND = YES;
				ENABLE_TESTABILITY = YES;
				GCC_C_LANGUAGE_STANDARD = gnu11;
				GCC_DYNAMIC_NO_PIC = NO;
				GCC_NO_COMMON_BLOCKS = YES;
				GCC_OPTIMIZATION_LEVEL = 0;
				GCC_PREPROCESSOR_DEFINITIONS = (
					"DEBUG=1",
					"$(inherited)",
				);
				GCC_WARN_64_TO_32_BIT_CONVERSION = YES;
				GCC_WARN_ABOUT_RETURN_TYPE = YES_ERROR;
				GCC_WARN_UNDECLARED_SELECTOR = YES;
				GCC_WARN_UNINITIALIZED_AUTOS = YES_AGGRESSIVE;
				GCC_WARN_UNUSED_FUNCTION = YES;
				GCC_WARN_UNUSED_VARIABLE = YES;
				IPHONEOS_DEPLOYMENT_TARGET = 11.4;
				MTL_ENABLE_DEBUG_INFO = YES;
				ONLY_ACTIVE_ARCH = YES;
				SDKROOT = iphoneos;
				SWIFT_ACTIVE_COMPILATION_CONDITIONS = DEBUG;
				SWIFT_OPTIMIZATION_LEVEL = "-Onone";
			};
			name = Debug;
		};
		CD06FC9920F965DA0033CB6F /* Release */ = {
			isa = XCBuildConfiguration;
			buildSettings = {
				ALWAYS_SEARCH_USER_PATHS = NO;
				CLANG_ANALYZER_NONNULL = YES;
				CLANG_ANALYZER_NUMBER_OBJECT_CONVERSION = YES_AGGRESSIVE;
				CLANG_CXX_LANGUAGE_STANDARD = "gnu++14";
				CLANG_CXX_LIBRARY = "libc++";
				CLANG_ENABLE_MODULES = YES;
				CLANG_ENABLE_OBJC_ARC = YES;
				CLANG_ENABLE_OBJC_WEAK = YES;
				CLANG_WARN_BLOCK_CAPTURE_AUTORELEASING = YES;
				CLANG_WARN_BOOL_CONVERSION = YES;
				CLANG_WARN_COMMA = YES;
				CLANG_WARN_CONSTANT_CONVERSION = YES;
				CLANG_WARN_DEPRECATED_OBJC_IMPLEMENTATIONS = YES;
				CLANG_WARN_DIRECT_OBJC_ISA_USAGE = YES_ERROR;
				CLANG_WARN_DOCUMENTATION_COMMENTS = YES;
				CLANG_WARN_EMPTY_BODY = YES;
				CLANG_WARN_ENUM_CONVERSION = YES;
				CLANG_WARN_INFINITE_RECURSION = YES;
				CLANG_WARN_INT_CONVERSION = YES;
				CLANG_WARN_NON_LITERAL_NULL_CONVERSION = YES;
				CLANG_WARN_OBJC_IMPLICIT_RETAIN_SELF = YES;
				CLANG_WARN_OBJC_LITERAL_CONVERSION = YES;
				CLANG_WARN_OBJC_ROOT_CLASS = YES_ERROR;
				CLANG_WARN_RANGE_LOOP_ANALYSIS = YES;
				CLANG_WARN_STRICT_PROTOTYPES = YES;
				CLANG_WARN_SUSPICIOUS_MOVE = YES;
				CLANG_WARN_UNGUARDED_AVAILABILITY = YES_AGGRESSIVE;
				CLANG_WARN_UNREACHABLE_CODE = YES;
				CLANG_WARN__DUPLICATE_METHOD_MATCH = YES;
				CODE_SIGN_IDENTITY = "iPhone Developer";
				COPY_PHASE_STRIP = NO;
				DEBUG_INFORMATION_FORMAT = "dwarf-with-dsym";
				ENABLE_NS_ASSERTIONS = NO;
				ENABLE_STRICT_OBJC_MSGSEND = YES;
				GCC_C_LANGUAGE_STANDARD = gnu11;
				GCC_NO_COMMON_BLOCKS = YES;
				GCC_WARN_64_TO_32_BIT_CONVERSION = YES;
				GCC_WARN_ABOUT_RETURN_TYPE = YES_ERROR;
				GCC_WARN_UNDECLARED_SELECTOR = YES;
				GCC_WARN_UNINITIALIZED_AUTOS = YES_AGGRESSIVE;
				GCC_WARN_UNUSED_FUNCTION = YES;
				GCC_WARN_UNUSED_VARIABLE = YES;
				IPHONEOS_DEPLOYMENT_TARGET = 11.4;
				MTL_ENABLE_DEBUG_INFO = NO;
				SDKROOT = iphoneos;
				SWIFT_COMPILATION_MODE = wholemodule;
				SWIFT_OPTIMIZATION_LEVEL = "-O";
				VALIDATE_PRODUCT = YES;
			};
			name = Release;
		};
		CD06FC9B20F965DA0033CB6F /* Debug */ = {
			isa = XCBuildConfiguration;
			baseConfigurationReference = 0D0CDD6909E0E8DEDE49F065 /* Pods-FolledoMyCourt.debug.xcconfig */;
			buildSettings = {
				ASSETCATALOG_COMPILER_APPICON_NAME = AppIcon;
				CODE_SIGN_ENTITLEMENTS = FolledoMyCourt/FolledoMyCourt.entitlements;
				CODE_SIGN_STYLE = Automatic;
				DEVELOPMENT_TEAM = 8KSKUH7X29;
				INFOPLIST_FILE = FolledoMyCourt/Info.plist;
				IPHONEOS_DEPLOYMENT_TARGET = 11.4;
				LD_RUNPATH_SEARCH_PATHS = (
					"$(inherited)",
					"@executable_path/Frameworks",
				);
				PRODUCT_BUNDLE_IDENTIFIER = com.FolledoSwag.FolledoMyCourt;
				PRODUCT_NAME = "$(TARGET_NAME)";
				SWIFT_VERSION = 4.0;
				TARGETED_DEVICE_FAMILY = "1,2";
			};
			name = Debug;
		};
		CD06FC9C20F965DA0033CB6F /* Release */ = {
			isa = XCBuildConfiguration;
			baseConfigurationReference = 8E5B92B9AFB4866225072873 /* Pods-FolledoMyCourt.release.xcconfig */;
			buildSettings = {
				ASSETCATALOG_COMPILER_APPICON_NAME = AppIcon;
				CODE_SIGN_ENTITLEMENTS = FolledoMyCourt/FolledoMyCourt.entitlements;
				CODE_SIGN_STYLE = Automatic;
				DEVELOPMENT_TEAM = 8KSKUH7X29;
				INFOPLIST_FILE = FolledoMyCourt/Info.plist;
				IPHONEOS_DEPLOYMENT_TARGET = 11.4;
				LD_RUNPATH_SEARCH_PATHS = (
					"$(inherited)",
					"@executable_path/Frameworks",
				);
				PRODUCT_BUNDLE_IDENTIFIER = com.FolledoSwag.FolledoMyCourt;
				PRODUCT_NAME = "$(TARGET_NAME)";
				SWIFT_VERSION = 4.0;
				TARGETED_DEVICE_FAMILY = "1,2";
			};
			name = Release;
		};
		CD06FC9E20F965DA0033CB6F /* Debug */ = {
			isa = XCBuildConfiguration;
			baseConfigurationReference = 2515FD696902D00A242FE3A6 /* Pods-FolledoMyCourtTests.debug.xcconfig */;
			buildSettings = {
				ALWAYS_EMBED_SWIFT_STANDARD_LIBRARIES = YES;
				BUNDLE_LOADER = "$(TEST_HOST)";
				CODE_SIGN_STYLE = Automatic;
				DEVELOPMENT_TEAM = 8KSKUH7X29;
				INFOPLIST_FILE = FolledoMyCourtTests/Info.plist;
				LD_RUNPATH_SEARCH_PATHS = (
					"$(inherited)",
					"@executable_path/Frameworks",
					"@loader_path/Frameworks",
				);
				PRODUCT_BUNDLE_IDENTIFIER = com.FolledoSwag.FolledoMyCourtTests;
				PRODUCT_NAME = "$(TARGET_NAME)";
				SWIFT_VERSION = 4.0;
				TARGETED_DEVICE_FAMILY = "1,2";
				TEST_HOST = "$(BUILT_PRODUCTS_DIR)/FolledoMyCourt.app/FolledoMyCourt";
			};
			name = Debug;
		};
		CD06FC9F20F965DA0033CB6F /* Release */ = {
			isa = XCBuildConfiguration;
			baseConfigurationReference = 7E3D0092BF9E150BE3BF0726 /* Pods-FolledoMyCourtTests.release.xcconfig */;
			buildSettings = {
				ALWAYS_EMBED_SWIFT_STANDARD_LIBRARIES = YES;
				BUNDLE_LOADER = "$(TEST_HOST)";
				CODE_SIGN_STYLE = Automatic;
				DEVELOPMENT_TEAM = 8KSKUH7X29;
				INFOPLIST_FILE = FolledoMyCourtTests/Info.plist;
				LD_RUNPATH_SEARCH_PATHS = (
					"$(inherited)",
					"@executable_path/Frameworks",
					"@loader_path/Frameworks",
				);
				PRODUCT_BUNDLE_IDENTIFIER = com.FolledoSwag.FolledoMyCourtTests;
				PRODUCT_NAME = "$(TARGET_NAME)";
				SWIFT_VERSION = 4.0;
				TARGETED_DEVICE_FAMILY = "1,2";
				TEST_HOST = "$(BUILT_PRODUCTS_DIR)/FolledoMyCourt.app/FolledoMyCourt";
			};
			name = Release;
		};
		CD06FCA120F965DA0033CB6F /* Debug */ = {
			isa = XCBuildConfiguration;
			baseConfigurationReference = E63052BC4A495B34BB92E0A2 /* Pods-FolledoMyCourtUITests.debug.xcconfig */;
			buildSettings = {
				ALWAYS_EMBED_SWIFT_STANDARD_LIBRARIES = YES;
				CODE_SIGN_STYLE = Automatic;
				DEVELOPMENT_TEAM = 8KSKUH7X29;
				INFOPLIST_FILE = FolledoMyCourtUITests/Info.plist;
				LD_RUNPATH_SEARCH_PATHS = (
					"$(inherited)",
					"@executable_path/Frameworks",
					"@loader_path/Frameworks",
				);
				PRODUCT_BUNDLE_IDENTIFIER = com.FolledoSwag.FolledoMyCourtUITests;
				PRODUCT_NAME = "$(TARGET_NAME)";
				SWIFT_VERSION = 4.0;
				TARGETED_DEVICE_FAMILY = "1,2";
				TEST_TARGET_NAME = FolledoMyCourt;
			};
			name = Debug;
		};
		CD06FCA220F965DA0033CB6F /* Release */ = {
			isa = XCBuildConfiguration;
			baseConfigurationReference = DA63BFF84DB6B257DBB7733A /* Pods-FolledoMyCourtUITests.release.xcconfig */;
			buildSettings = {
				ALWAYS_EMBED_SWIFT_STANDARD_LIBRARIES = YES;
				CODE_SIGN_STYLE = Automatic;
				DEVELOPMENT_TEAM = 8KSKUH7X29;
				INFOPLIST_FILE = FolledoMyCourtUITests/Info.plist;
				LD_RUNPATH_SEARCH_PATHS = (
					"$(inherited)",
					"@executable_path/Frameworks",
					"@loader_path/Frameworks",
				);
				PRODUCT_BUNDLE_IDENTIFIER = com.FolledoSwag.FolledoMyCourtUITests;
				PRODUCT_NAME = "$(TARGET_NAME)";
				SWIFT_VERSION = 4.0;
				TARGETED_DEVICE_FAMILY = "1,2";
				TEST_TARGET_NAME = FolledoMyCourt;
			};
			name = Release;
		};
/* End XCBuildConfiguration section */

/* Begin XCConfigurationList section */
		CD06FC6D20F965D80033CB6F /* Build configuration list for PBXProject "FolledoMyCourt" */ = {
			isa = XCConfigurationList;
			buildConfigurations = (
				CD06FC9820F965DA0033CB6F /* Debug */,
				CD06FC9920F965DA0033CB6F /* Release */,
			);
			defaultConfigurationIsVisible = 0;
			defaultConfigurationName = Release;
		};
		CD06FC9A20F965DA0033CB6F /* Build configuration list for PBXNativeTarget "FolledoMyCourt" */ = {
			isa = XCConfigurationList;
			buildConfigurations = (
				CD06FC9B20F965DA0033CB6F /* Debug */,
				CD06FC9C20F965DA0033CB6F /* Release */,
			);
			defaultConfigurationIsVisible = 0;
			defaultConfigurationName = Release;
		};
		CD06FC9D20F965DA0033CB6F /* Build configuration list for PBXNativeTarget "FolledoMyCourtTests" */ = {
			isa = XCConfigurationList;
			buildConfigurations = (
				CD06FC9E20F965DA0033CB6F /* Debug */,
				CD06FC9F20F965DA0033CB6F /* Release */,
			);
			defaultConfigurationIsVisible = 0;
			defaultConfigurationName = Release;
		};
		CD06FCA020F965DA0033CB6F /* Build configuration list for PBXNativeTarget "FolledoMyCourtUITests" */ = {
			isa = XCConfigurationList;
			buildConfigurations = (
				CD06FCA120F965DA0033CB6F /* Debug */,
				CD06FCA220F965DA0033CB6F /* Release */,
			);
			defaultConfigurationIsVisible = 0;
			defaultConfigurationName = Release;
		};
/* End XCConfigurationList section */
	};
	rootObject = CD06FC6A20F965D80033CB6F /* Project object */;
}
